
Microsoft Visual Studio Solution File, Format Version 12.00
# Visual Studio 15
VisualStudioVersion = 15.0.28307.779
MinimumVisualStudioVersion = 10.0.40219.1
Project("{FAE04EC0-301F-11D3-BF4B-00C04F79EFBC}") = "oddArraySum", "oddArraySum\oddArraySum.csproj", "{693A48CB-8F88-46C6-AFFE-ED95039BD59B}"
EndProject
Global
	GlobalSection(SolutionConfigurationPlatforms) = preSolution
		Debug|Any CPU = Debug|Any CPU
		Release|Any CPU = Release|Any CPU
	EndGlobalSection
	GlobalSection(ProjectConfigurationPlatforms) = postSolution
		{693A48CB-8F88-46C6-AFFE-ED95039BD59B}.Debug|Any CPU.ActiveCfg = Debug|Any CPU
		{693A48CB-8F88-46C6-AFFE-ED95039BD59B}.Debug|Any CPU.Build.0 = Debug|Any CPU
		{693A48CB-8F88-46C6-AFFE-ED95039BD59B}.Release|Any CPU.ActiveCfg = Release|Any CPU
		{693A48CB-8F88-46C6-AFFE-ED95039BD59B}.Release|Any CPU.Build.0 = Release|Any CPU
	EndGlobalSection
	GlobalSection(SolutionProperties) = preSolution
		HideSolutionNode = FALSE
	EndGlobalSection
	GlobalSection(ExtensibilityGlobals) = postSolution
		SolutionGuid = {1955189A-9839-4FE1-8973-E812CA46338E}
	EndGlobalSection
EndGlobal
